schema: '2.0'
stages:
  preprocess:
    cmd: python src/preprocess.py
    deps:
    - path: data/raw/Telco_customer_churn.xlsx
      hash: md5
      md5: 8534d3efea2a52104cba8605fef6a7df
      size: 1368250
    - path: src/preprocess.py
      hash: md5
      md5: e9a5cd763b40fd8ae3b0ff599c9e1347
      size: 3179
    outs:
    - path: data/processed/telco_clean.csv
      hash: md5
      md5: ffde36ebb1c3e83a9cfc8996c618acb7
      size: 49036208
  train:
    cmd: python src/train.py
    deps:
    - path: data/processed/telco_clean.csv
      hash: md5
      md5: ffde36ebb1c3e83a9cfc8996c618acb7
      size: 49036208
    - path: src/train.py
      hash: md5
      md5: e8ff89838a9afca8c43d8a2744514ca0
      size: 2983
    outs:
    - path: model.pkl
      hash: md5
      md5: 312be2e321a91b0086a8ed404d9c131c
      size: 3916793
